<?xml version="1.0" encoding="utf-8"?>
<Project ToolsVersion="4.0" xmlns="http://schemas.microsoft.com/developer/msbuild/2003">
  <ItemGroup>
    <Filter Include="Source Files">
      <UniqueIdentifier>{4FC737F1-C7A5-4376-A066-2A32D752A2FF}</UniqueIdentifier>
      <Extensions>cpp;c;cc;cxx;def;odl;idl;hpj;bat;asm;asmx</Extensions>
    </Filter>
    <Filter Include="Header Files">
      <UniqueIdentifier>{93995380-89BD-4b04-88EB-625FBE52EBFB}</UniqueIdentifier>
      <Extensions>h;hh;hpp;hxx;hm;inl;inc;xsd</Extensions>
    </Filter>
    <Filter Include="Resource Files">
      <UniqueIdentifier>{67DA6AB6-F800-4c08-8B7A-83BB121AAD01}</UniqueIdentifier>
      <Extensions>rc;ico;cur;bmp;dlg;rc2;rct;bin;rgs;gif;jpg;jpeg;jpe;resx;tiff;tif;png;wav;mfcribbon-ms</Extensions>
    </Filter>
  </ItemGroup>
  <ItemGroup>
    <Text Include="ReadMe.txt" />
  </ItemGroup>
  <ItemGroup>
    <ClInclude Include="stdafx.h">
      <Filter>Header Files</Filter>
    </ClInclude>
    <ClInclude Include="targetver.h">
      <Filter>Header Files</Filter>
    </ClInclude>
    <ClInclude Include="glm\detail\_features.hpp">
      <Filter>Header Files</Filter>
    </ClInclude>
    <ClInclude Include="glm\detail\_fixes.hpp">
      <Filter>Header Files</Filter>
    </ClInclude>
    <ClInclude Include="glm\detail\_noise.hpp">
      <Filter>Header Files</Filter>
    </ClInclude>
    <ClInclude Include="glm\detail\_swizzle.hpp">
      <Filter>Header Files</Filter>
    </ClInclude>
    <ClInclude Include="glm\detail\_swizzle_func.hpp">
      <Filter>Header Files</Filter>
    </ClInclude>
    <ClInclude Include="glm\detail\_vectorize.hpp">
      <Filter>Header Files</Filter>
    </ClInclude>
    <ClInclude Include="glm\detail\func_common.hpp">
      <Filter>Header Files</Filter>
    </ClInclude>
    <ClInclude Include="glm\detail\func_exponential.hpp">
      <Filter>Header Files</Filter>
    </ClInclude>
    <ClInclude Include="glm\detail\func_geometric.hpp">
      <Filter>Header Files</Filter>
    </ClInclude>
    <ClInclude Include="glm\detail\func_integer.hpp">
      <Filter>Header Files</Filter>
    </ClInclude>
    <ClInclude Include="glm\detail\func_matrix.hpp">
      <Filter>Header Files</Filter>
    </ClInclude>
    <ClInclude Include="glm\detail\func_packing.hpp">
      <Filter>Header Files</Filter>
    </ClInclude>
    <ClInclude Include="glm\detail\func_trigonometric.hpp">
      <Filter>Header Files</Filter>
    </ClInclude>
    <ClInclude Include="glm\detail\func_vector_relational.hpp">
      <Filter>Header Files</Filter>
    </ClInclude>
    <ClInclude Include="glm\detail\intrinsic_common.hpp">
      <Filter>Header Files</Filter>
    </ClInclude>
    <ClInclude Include="glm\detail\intrinsic_exponential.hpp">
      <Filter>Header Files</Filter>
    </ClInclude>
    <ClInclude Include="glm\detail\intrinsic_geometric.hpp">
      <Filter>Header Files</Filter>
    </ClInclude>
    <ClInclude Include="glm\detail\intrinsic_integer.hpp">
      <Filter>Header Files</Filter>
    </ClInclude>
    <ClInclude Include="glm\detail\intrinsic_matrix.hpp">
      <Filter>Header Files</Filter>
    </ClInclude>
    <ClInclude Include="glm\detail\intrinsic_trigonometric.hpp">
      <Filter>Header Files</Filter>
    </ClInclude>
    <ClInclude Include="glm\detail\intrinsic_vector_relational.hpp">
      <Filter>Header Files</Filter>
    </ClInclude>
    <ClInclude Include="glm\detail\precision.hpp">
      <Filter>Header Files</Filter>
    </ClInclude>
    <ClInclude Include="glm\detail\setup.hpp">
      <Filter>Header Files</Filter>
    </ClInclude>
    <ClInclude Include="glm\detail\type_float.hpp">
      <Filter>Header Files</Filter>
    </ClInclude>
    <ClInclude Include="glm\detail\type_gentype.hpp">
      <Filter>Header Files</Filter>
    </ClInclude>
    <ClInclude Include="glm\detail\type_half.hpp">
      <Filter>Header Files</Filter>
    </ClInclude>
    <ClInclude Include="glm\detail\type_int.hpp">
      <Filter>Header Files</Filter>
    </ClInclude>
    <ClInclude Include="glm\detail\type_mat.hpp">
      <Filter>Header Files</Filter>
    </ClInclude>
    <ClInclude Include="glm\detail\type_mat2x2.hpp">
      <Filter>Header Files</Filter>
    </ClInclude>
    <ClInclude Include="glm\detail\type_mat2x3.hpp">
      <Filter>Header Files</Filter>
    </ClInclude>
    <ClInclude Include="glm\detail\type_mat2x4.hpp">
      <Filter>Header Files</Filter>
    </ClInclude>
    <ClInclude Include="glm\detail\type_mat3x2.hpp">
      <Filter>Header Files</Filter>
    </ClInclude>
    <ClInclude Include="glm\detail\type_mat3x3.hpp">
      <Filter>Header Files</Filter>
    </ClInclude>
    <ClInclude Include="glm\detail\type_mat3x4.hpp">
      <Filter>Header Files</Filter>
    </ClInclude>
    <ClInclude Include="glm\detail\type_mat4x2.hpp">
      <Filter>Header Files</Filter>
    </ClInclude>
    <ClInclude Include="glm\detail\type_mat4x3.hpp">
      <Filter>Header Files</Filter>
    </ClInclude>
    <ClInclude Include="glm\detail\type_mat4x4.hpp">
      <Filter>Header Files</Filter>
    </ClInclude>
    <ClInclude Include="glm\detail\type_vec.hpp">
      <Filter>Header Files</Filter>
    </ClInclude>
    <ClInclude Include="glm\detail\type_vec1.hpp">
      <Filter>Header Files</Filter>
    </ClInclude>
    <ClInclude Include="glm\detail\type_vec2.hpp">
      <Filter>Header Files</Filter>
    </ClInclude>
    <ClInclude Include="glm\detail\type_vec3.hpp">
      <Filter>Header Files</Filter>
    </ClInclude>
    <ClInclude Include="glm\detail\type_vec4.hpp">
      <Filter>Header Files</Filter>
    </ClInclude>
    <ClInclude Include="glm\gtc\bitfield.hpp">
      <Filter>Header Files</Filter>
    </ClInclude>
    <ClInclude Include="glm\gtc\color_space.hpp">
      <Filter>Header Files</Filter>
    </ClInclude>
    <ClInclude Include="glm\gtc\constants.hpp">
      <Filter>Header Files</Filter>
    </ClInclude>
    <ClInclude Include="glm\gtc\epsilon.hpp">
      <Filter>Header Files</Filter>
    </ClInclude>
    <ClInclude Include="glm\gtc\integer.hpp">
      <Filter>Header Files</Filter>
    </ClInclude>
    <ClInclude Include="glm\gtc\matrix_access.hpp">
      <Filter>Header Files</Filter>
    </ClInclude>
    <ClInclude Include="glm\gtc\matrix_integer.hpp">
      <Filter>Header Files</Filter>
    </ClInclude>
    <ClInclude Include="glm\gtc\matrix_inverse.hpp">
      <Filter>Header Files</Filter>
    </ClInclude>
    <ClInclude Include="glm\gtc\matrix_transform.hpp">
      <Filter>Header Files</Filter>
    </ClInclude>
    <ClInclude Include="glm\gtc\noise.hpp">
      <Filter>Header Files</Filter>
    </ClInclude>
    <ClInclude Include="glm\gtc\packing.hpp">
      <Filter>Header Files</Filter>
    </ClInclude>
    <ClInclude Include="glm\gtc\quaternion.hpp">
      <Filter>Header Files</Filter>
    </ClInclude>
    <ClInclude Include="glm\gtc\random.hpp">
      <Filter>Header Files</Filter>
    </ClInclude>
    <ClInclude Include="glm\gtc\reciprocal.hpp">
      <Filter>Header Files</Filter>
    </ClInclude>
    <ClInclude Include="glm\gtc\round.hpp">
      <Filter>Header Files</Filter>
    </ClInclude>
    <ClInclude Include="glm\gtc\type_precision.hpp">
      <Filter>Header Files</Filter>
    </ClInclude>
    <ClInclude Include="glm\gtc\type_ptr.hpp">
      <Filter>Header Files</Filter>
    </ClInclude>
    <ClInclude Include="glm\gtc\ulp.hpp">
      <Filter>Header Files</Filter>
    </ClInclude>
    <ClInclude Include="glm\gtc\vec1.hpp">
      <Filter>Header Files</Filter>
    </ClInclude>
    <ClInclude Include="glm\gtx\associated_min_max.hpp">
      <Filter>Header Files</Filter>
    </ClInclude>
    <ClInclude Include="glm\gtx\bit.hpp">
      <Filter>Header Files</Filter>
    </ClInclude>
    <ClInclude Include="glm\gtx\closest_point.hpp">
      <Filter>Header Files</Filter>
    </ClInclude>
    <ClInclude Include="glm\gtx\color_space.hpp">
      <Filter>Header Files</Filter>
    </ClInclude>
    <ClInclude Include="glm\gtx\color_space_YCoCg.hpp">
      <Filter>Header Files</Filter>
    </ClInclude>
    <ClInclude Include="glm\gtx\common.hpp">
      <Filter>Header Files</Filter>
    </ClInclude>
    <ClInclude Include="glm\gtx\compatibility.hpp">
      <Filter>Header Files</Filter>
    </ClInclude>
    <ClInclude Include="glm\gtx\component_wise.hpp">
      <Filter>Header Files</Filter>
    </ClInclude>
    <ClInclude Include="glm\gtx\dual_quaternion.hpp">
      <Filter>Header Files</Filter>
    </ClInclude>
    <ClInclude Include="glm\gtx\euler_angles.hpp">
      <Filter>Header Files</Filter>
    </ClInclude>
    <ClInclude Include="glm\gtx\extend.hpp">
      <Filter>Header Files</Filter>
    </ClInclude>
    <ClInclude Include="glm\gtx\extented_min_max.hpp">
      <Filter>Header Files</Filter>
    </ClInclude>
    <ClInclude Include="glm\gtx\fast_exponential.hpp">
      <Filter>Header Files</Filter>
    </ClInclude>
    <ClInclude Include="glm\gtx\fast_square_root.hpp">
      <Filter>Header Files</Filter>
    </ClInclude>
    <ClInclude Include="glm\gtx\fast_trigonometry.hpp">
      <Filter>Header Files</Filter>
    </ClInclude>
    <ClInclude Include="glm\gtx\gradient_paint.hpp">
      <Filter>Header Files</Filter>
    </ClInclude>
    <ClInclude Include="glm\gtx\handed_coordinate_space.hpp">
      <Filter>Header Files</Filter>
    </ClInclude>
    <ClInclude Include="glm\gtx\hash.hpp">
      <Filter>Header Files</Filter>
    </ClInclude>
    <ClInclude Include="glm\gtx\integer.hpp">
      <Filter>Header Files</Filter>
    </ClInclude>
    <ClInclude Include="glm\gtx\intersect.hpp">
      <Filter>Header Files</Filter>
    </ClInclude>
    <ClInclude Include="glm\gtx\io.hpp">
      <Filter>Header Files</Filter>
    </ClInclude>
    <ClInclude Include="glm\gtx\log_base.hpp">
      <Filter>Header Files</Filter>
    </ClInclude>
    <ClInclude Include="glm\gtx\matrix_cross_product.hpp">
      <Filter>Header Files</Filter>
    </ClInclude>
    <ClInclude Include="glm\gtx\matrix_decompose.hpp">
      <Filter>Header Files</Filter>
    </ClInclude>
    <ClInclude Include="glm\gtx\matrix_interpolation.hpp">
      <Filter>Header Files</Filter>
    </ClInclude>
    <ClInclude Include="glm\gtx\matrix_major_storage.hpp">
      <Filter>Header Files</Filter>
    </ClInclude>
    <ClInclude Include="glm\gtx\matrix_operation.hpp">
      <Filter>Header Files</Filter>
    </ClInclude>
    <ClInclude Include="glm\gtx\matrix_query.hpp">
      <Filter>Header Files</Filter>
    </ClInclude>
    <ClInclude Include="glm\gtx\matrix_transform_2d.hpp">
      <Filter>Header Files</Filter>
    </ClInclude>
    <ClInclude Include="glm\gtx\mixed_product.hpp">
      <Filter>Header Files</Filter>
    </ClInclude>
    <ClInclude Include="glm\gtx\norm.hpp">
      <Filter>Header Files</Filter>
    </ClInclude>
    <ClInclude Include="glm\gtx\normal.hpp">
      <Filter>Header Files</Filter>
    </ClInclude>
    <ClInclude Include="glm\gtx\normalize_dot.hpp">
      <Filter>Header Files</Filter>
    </ClInclude>
    <ClInclude Include="glm\gtx\number_precision.hpp">
      <Filter>Header Files</Filter>
    </ClInclude>
    <ClInclude Include="glm\gtx\optimum_pow.hpp">
      <Filter>Header Files</Filter>
    </ClInclude>
    <ClInclude Include="glm\gtx\orthonormalize.hpp">
      <Filter>Header Files</Filter>
    </ClInclude>
    <ClInclude Include="glm\gtx\perpendicular.hpp">
      <Filter>Header Files</Filter>
    </ClInclude>
    <ClInclude Include="glm\gtx\polar_coordinates.hpp">
      <Filter>Header Files</Filter>
    </ClInclude>
    <ClInclude Include="glm\gtx\projection.hpp">
      <Filter>Header Files</Filter>
    </ClInclude>
    <ClInclude Include="glm\gtx\quaternion.hpp">
      <Filter>Header Files</Filter>
    </ClInclude>
    <ClInclude Include="glm\gtx\range.hpp">
      <Filter>Header Files</Filter>
    </ClInclude>
    <ClInclude Include="glm\gtx\raw_data.hpp">
      <Filter>Header Files</Filter>
    </ClInclude>
    <ClInclude Include="glm\gtx\rotate_normalized_axis.hpp">
      <Filter>Header Files</Filter>
    </ClInclude>
    <ClInclude Include="glm\gtx\rotate_vector.hpp">
      <Filter>Header Files</Filter>
    </ClInclude>
    <ClInclude Include="glm\gtx\scalar_multiplication.hpp">
      <Filter>Header Files</Filter>
    </ClInclude>
    <ClInclude Include="glm\gtx\scalar_relational.hpp">
      <Filter>Header Files</Filter>
    </ClInclude>
    <ClInclude Include="glm\gtx\simd_mat4.hpp">
      <Filter>Header Files</Filter>
    </ClInclude>
    <ClInclude Include="glm\gtx\simd_quat.hpp">
      <Filter>Header Files</Filter>
    </ClInclude>
    <ClInclude Include="glm\gtx\simd_vec4.hpp">
      <Filter>Header Files</Filter>
    </ClInclude>
    <ClInclude Include="glm\gtx\spline.hpp">
      <Filter>Header Files</Filter>
    </ClInclude>
    <ClInclude Include="glm\gtx\std_based_type.hpp">
      <Filter>Header Files</Filter>
    </ClInclude>
    <ClInclude Include="glm\gtx\string_cast.hpp">
      <Filter>Header Files</Filter>
    </ClInclude>
    <ClInclude Include="glm\gtx\transform.hpp">
      <Filter>Header Files</Filter>
    </ClInclude>
    <ClInclude Include="glm\gtx\transform2.hpp">
      <Filter>Header Files</Filter>
    </ClInclude>
    <ClInclude Include="glm\gtx\type_aligned.hpp">
      <Filter>Header Files</Filter>
    </ClInclude>
    <ClInclude Include="glm\gtx\vector_angle.hpp">
      <Filter>Header Files</Filter>
    </ClInclude>
    <ClInclude Include="glm\gtx\vector_query.hpp">
      <Filter>Header Files</Filter>
    </ClInclude>
    <ClInclude Include="glm\gtx\wrap.hpp">
      <Filter>Header Files</Filter>
    </ClInclude>
    <ClInclude Include="glm\common.hpp">
      <Filter>Header Files</Filter>
    </ClInclude>
    <ClInclude Include="glm\exponential.hpp">
      <Filter>Header Files</Filter>
    </ClInclude>
    <ClInclude Include="glm\ext.hpp">
      <Filter>Header Files</Filter>
    </ClInclude>
    <ClInclude Include="glm\fwd.hpp">
      <Filter>Header Files</Filter>
    </ClInclude>
    <ClInclude Include="glm\geometric.hpp">
      <Filter>Header Files</Filter>
    </ClInclude>
    <ClInclude Include="glm\glm.hpp">
      <Filter>Header Files</Filter>
    </ClInclude>
    <ClInclude Include="glm\integer.hpp">
      <Filter>Header Files</Filter>
    </ClInclude>
    <ClInclude Include="glm\mat2x2.hpp">
      <Filter>Header Files</Filter>
    </ClInclude>
    <ClInclude Include="glm\mat2x3.hpp">
      <Filter>Header Files</Filter>
    </ClInclude>
    <ClInclude Include="glm\mat2x4.hpp">
      <Filter>Header Files</Filter>
    </ClInclude>
    <ClInclude Include="glm\mat3x2.hpp">
      <Filter>Header Files</Filter>
    </ClInclude>
    <ClInclude Include="glm\mat3x3.hpp">
      <Filter>Header Files</Filter>
    </ClInclude>
    <ClInclude Include="glm\mat3x4.hpp">
      <Filter>Header Files</Filter>
    </ClInclude>
    <ClInclude Include="glm\mat4x2.hpp">
      <Filter>Header Files</Filter>
    </ClInclude>
    <ClInclude Include="glm\mat4x3.hpp">
      <Filter>Header Files</Filter>
    </ClInclude>
    <ClInclude Include="glm\mat4x4.hpp">
      <Filter>Header Files</Filter>
    </ClInclude>
    <ClInclude Include="glm\matrix.hpp">
      <Filter>Header Files</Filter>
    </ClInclude>
    <ClInclude Include="glm\packing.hpp">
      <Filter>Header Files</Filter>
    </ClInclude>
    <ClInclude Include="glm\trigonometric.hpp">
      <Filter>Header Files</Filter>
    </ClInclude>
    <ClInclude Include="glm\vec2.hpp">
      <Filter>Header Files</Filter>
    </ClInclude>
    <ClInclude Include="glm\vec3.hpp">
      <Filter>Header Files</Filter>
    </ClInclude>
    <ClInclude Include="glm\vec4.hpp">
      <Filter>Header Files</Filter>
    </ClInclude>
    <ClInclude Include="glm\vector_relational.hpp">
      <Filter>Header Files</Filter>
    </ClInclude>
    <ClInclude Include="Include\glm\detail\_features.hpp">
      <Filter>Header Files</Filter>
    </ClInclude>
    <ClInclude Include="Include\glm\detail\_fixes.hpp">
      <Filter>Header Files</Filter>
    </ClInclude>
    <ClInclude Include="Include\glm\detail\_noise.hpp">
      <Filter>Header Files</Filter>
    </ClInclude>
    <ClInclude Include="Include\glm\detail\_swizzle.hpp">
      <Filter>Header Files</Filter>
    </ClInclude>
    <ClInclude Include="Include\glm\detail\_swizzle_func.hpp">
      <Filter>Header Files</Filter>
    </ClInclude>
    <ClInclude Include="Include\glm\detail\_vectorize.hpp">
      <Filter>Header Files</Filter>
    </ClInclude>
    <ClInclude Include="Include\glm\detail\func_common.hpp">
      <Filter>Header Files</Filter>
    </ClInclude>
    <ClInclude Include="Include\glm\detail\func_exponential.hpp">
      <Filter>Header Files</Filter>
    </ClInclude>
    <ClInclude Include="Include\glm\detail\func_geometric.hpp">
      <Filter>Header Files</Filter>
    </ClInclude>
    <ClInclude Include="Include\glm\detail\func_integer.hpp">
      <Filter>Header Files</Filter>
    </ClInclude>
    <ClInclude Include="Include\glm\detail\func_matrix.hpp">
      <Filter>Header Files</Filter>
    </ClInclude>
    <ClInclude Include="Include\glm\detail\func_packing.hpp">
      <Filter>Header Files</Filter>
    </ClInclude>
    <ClInclude Include="Include\glm\detail\func_trigonometric.hpp">
      <Filter>Header Files</Filter>
    </ClInclude>
    <ClInclude Include="Include\glm\detail\func_vector_relational.hpp">
      <Filter>Header Files</Filter>
    </ClInclude>
    <ClInclude Include="Include\glm\detail\intrinsic_common.hpp">
      <Filter>Header Files</Filter>
    </ClInclude>
    <ClInclude Include="Include\glm\detail\intrinsic_exponential.hpp">
      <Filter>Header Files</Filter>
    </ClInclude>
    <ClInclude Include="Include\glm\detail\intrinsic_geometric.hpp">
      <Filter>Header Files</Filter>
    </ClInclude>
    <ClInclude Include="Include\glm\detail\intrinsic_integer.hpp">
      <Filter>Header Files</Filter>
    </ClInclude>
    <ClInclude Include="Include\glm\detail\intrinsic_matrix.hpp">
      <Filter>Header Files</Filter>
    </ClInclude>
    <ClInclude Include="Include\glm\detail\intrinsic_trigonometric.hpp">
      <Filter>Header Files</Filter>
    </ClInclude>
    <ClInclude Include="Include\glm\detail\intrinsic_vector_relational.hpp">
      <Filter>Header Files</Filter>
    </ClInclude>
    <ClInclude Include="Include\glm\detail\precision.hpp">
      <Filter>Header Files</Filter>
    </ClInclude>
    <ClInclude Include="Include\glm\detail\setup.hpp">
      <Filter>Header Files</Filter>
    </ClInclude>
    <ClInclude Include="Include\glm\detail\type_float.hpp">
      <Filter>Header Files</Filter>
    </ClInclude>
    <ClInclude Include="Include\glm\detail\type_gentype.hpp">
      <Filter>Header Files</Filter>
    </ClInclude>
    <ClInclude Include="Include\glm\detail\type_half.hpp">
      <Filter>Header Files</Filter>
    </ClInclude>
    <ClInclude Include="Include\glm\detail\type_int.hpp">
      <Filter>Header Files</Filter>
    </ClInclude>
    <ClInclude Include="Include\glm\detail\type_mat.hpp">
      <Filter>Header Files</Filter>
    </ClInclude>
    <ClInclude Include="Include\glm\detail\type_mat2x2.hpp">
      <Filter>Header Files</Filter>
    </ClInclude>
    <ClInclude Include="Include\glm\detail\type_mat2x3.hpp">
      <Filter>Header Files</Filter>
    </ClInclude>
    <ClInclude Include="Include\glm\detail\type_mat2x4.hpp">
      <Filter>Header Files</Filter>
    </ClInclude>
    <ClInclude Include="Include\glm\detail\type_mat3x2.hpp">
      <Filter>Header Files</Filter>
    </ClInclude>
    <ClInclude Include="Include\glm\detail\type_mat3x3.hpp">
      <Filter>Header Files</Filter>
    </ClInclude>
    <ClInclude Include="Include\glm\detail\type_mat3x4.hpp">
      <Filter>Header Files</Filter>
    </ClInclude>
    <ClInclude Include="Include\glm\detail\type_mat4x2.hpp">
      <Filter>Header Files</Filter>
    </ClInclude>
    <ClInclude Include="Include\glm\detail\type_mat4x3.hpp">
      <Filter>Header Files</Filter>
    </ClInclude>
    <ClInclude Include="Include\glm\detail\type_mat4x4.hpp">
      <Filter>Header Files</Filter>
    </ClInclude>
    <ClInclude Include="Include\glm\detail\type_vec.hpp">
      <Filter>Header Files</Filter>
    </ClInclude>
    <ClInclude Include="Include\glm\detail\type_vec1.hpp">
      <Filter>Header Files</Filter>
    </ClInclude>
    <ClInclude Include="Include\glm\detail\type_vec2.hpp">
      <Filter>Header Files</Filter>
    </ClInclude>
    <ClInclude Include="Include\glm\detail\type_vec3.hpp">
      <Filter>Header Files</Filter>
    </ClInclude>
    <ClInclude Include="Include\glm\detail\type_vec4.hpp">
      <Filter>Header Files</Filter>
    </ClInclude>
    <ClInclude Include="Include\glm\gtc\bitfield.hpp">
      <Filter>Header Files</Filter>
    </ClInclude>
    <ClInclude Include="Include\glm\gtc\color_space.hpp">
      <Filter>Header Files</Filter>
    </ClInclude>
    <ClInclude Include="Include\glm\gtc\constants.hpp">
      <Filter>Header Files</Filter>
    </ClInclude>
    <ClInclude Include="Include\glm\gtc\epsilon.hpp">
      <Filter>Header Files</Filter>
    </ClInclude>
    <ClInclude Include="Include\glm\gtc\integer.hpp">
      <Filter>Header Files</Filter>
    </ClInclude>
    <ClInclude Include="Include\glm\gtc\matrix_access.hpp">
      <Filter>Header Files</Filter>
    </ClInclude>
    <ClInclude Include="Include\glm\gtc\matrix_integer.hpp">
      <Filter>Header Files</Filter>
    </ClInclude>
    <ClInclude Include="Include\glm\gtc\matrix_inverse.hpp">
      <Filter>Header Files</Filter>
    </ClInclude>
    <ClInclude Include="Include\glm\gtc\matrix_transform.hpp">
      <Filter>Header Files</Filter>
    </ClInclude>
    <ClInclude Include="Include\glm\gtc\noise.hpp">
      <Filter>Header Files</Filter>
    </ClInclude>
    <ClInclude Include="Include\glm\gtc\packing.hpp">
      <Filter>Header Files</Filter>
    </ClInclude>
    <ClInclude Include="Include\glm\gtc\quaternion.hpp">
      <Filter>Header Files</Filter>
    </ClInclude>
    <ClInclude Include="Include\glm\gtc\random.hpp">
      <Filter>Header Files</Filter>
    </ClInclude>
    <ClInclude Include="Include\glm\gtc\reciprocal.hpp">
      <Filter>Header Files</Filter>
    </ClInclude>
    <ClInclude Include="Include\glm\gtc\round.hpp">
      <Filter>Header Files</Filter>
    </ClInclude>
    <ClInclude Include="Include\glm\gtc\type_precision.hpp">
      <Filter>Header Files</Filter>
    </ClInclude>
    <ClInclude Include="Include\glm\gtc\type_ptr.hpp">
      <Filter>Header Files</Filter>
    </ClInclude>
    <ClInclude Include="Include\glm\gtc\ulp.hpp">
      <Filter>Header Files</Filter>
    </ClInclude>
    <ClInclude Include="Include\glm\gtc\vec1.hpp">
      <Filter>Header Files</Filter>
    </ClInclude>
    <ClInclude Include="Include\glm\gtx\associated_min_max.hpp">
      <Filter>Header Files</Filter>
    </ClInclude>
    <ClInclude Include="Include\glm\gtx\bit.hpp">
      <Filter>Header Files</Filter>
    </ClInclude>
    <ClInclude Include="Include\glm\gtx\closest_point.hpp">
      <Filter>Header Files</Filter>
    </ClInclude>
    <ClInclude Include="Include\glm\gtx\color_space.hpp">
      <Filter>Header Files</Filter>
    </ClInclude>
    <ClInclude Include="Include\glm\gtx\color_space_YCoCg.hpp">
      <Filter>Header Files</Filter>
    </ClInclude>
    <ClInclude Include="Include\glm\gtx\common.hpp">
      <Filter>Header Files</Filter>
    </ClInclude>
    <ClInclude Include="Include\glm\gtx\compatibility.hpp">
      <Filter>Header Files</Filter>
    </ClInclude>
    <ClInclude Include="Include\glm\gtx\component_wise.hpp">
      <Filter>Header Files</Filter>
    </ClInclude>
    <ClInclude Include="Include\glm\gtx\dual_quaternion.hpp">
      <Filter>Header Files</Filter>
    </ClInclude>
    <ClInclude Include="Include\glm\gtx\euler_angles.hpp">
      <Filter>Header Files</Filter>
    </ClInclude>
    <ClInclude Include="Include\glm\gtx\extend.hpp">
      <Filter>Header Files</Filter>
    </ClInclude>
    <ClInclude Include="Include\glm\gtx\extented_min_max.hpp">
      <Filter>Header Files</Filter>
    </ClInclude>
    <ClInclude Include="Include\glm\gtx\fast_exponential.hpp">
      <Filter>Header Files</Filter>
    </ClInclude>
    <ClInclude Include="Include\glm\gtx\fast_square_root.hpp">
      <Filter>Header Files</Filter>
    </ClInclude>
    <ClInclude Include="Include\glm\gtx\fast_trigonometry.hpp">
      <Filter>Header Files</Filter>
    </ClInclude>
    <ClInclude Include="Include\glm\gtx\gradient_paint.hpp">
      <Filter>Header Files</Filter>
    </ClInclude>
    <ClInclude Include="Include\glm\gtx\handed_coordinate_space.hpp">
      <Filter>Header Files</Filter>
    </ClInclude>
    <ClInclude Include="Include\glm\gtx\hash.hpp">
      <Filter>Header Files</Filter>
    </ClInclude>
    <ClInclude Include="Include\glm\gtx\integer.hpp">
      <Filter>Header Files</Filter>
    </ClInclude>
    <ClInclude Include="Include\glm\gtx\intersect.hpp">
      <Filter>Header Files</Filter>
    </ClInclude>
    <ClInclude Include="Include\glm\gtx\io.hpp">
      <Filter>Header Files</Filter>
    </ClInclude>
    <ClInclude Include="Include\glm\gtx\log_base.hpp">
      <Filter>Header Files</Filter>
    </ClInclude>
    <ClInclude Include="Include\glm\gtx\matrix_cross_product.hpp">
      <Filter>Header Files</Filter>
    </ClInclude>
    <ClInclude Include="Include\glm\gtx\matrix_decompose.hpp">
      <Filter>Header Files</Filter>
    </ClInclude>
    <ClInclude Include="Include\glm\gtx\matrix_interpolation.hpp">
      <Filter>Header Files</Filter>
    </ClInclude>
    <ClInclude Include="Include\glm\gtx\matrix_major_storage.hpp">
      <Filter>Header Files</Filter>
    </ClInclude>
    <ClInclude Include="Include\glm\gtx\matrix_operation.hpp">
      <Filter>Header Files</Filter>
    </ClInclude>
    <ClInclude Include="Include\glm\gtx\matrix_query.hpp">
      <Filter>Header Files</Filter>
    </ClInclude>
    <ClInclude Include="Include\glm\gtx\matrix_transform_2d.hpp">
      <Filter>Header Files</Filter>
    </ClInclude>
    <ClInclude Include="Include\glm\gtx\mixed_product.hpp">
      <Filter>Header Files</Filter>
    </ClInclude>
    <ClInclude Include="Include\glm\gtx\norm.hpp">
      <Filter>Header Files</Filter>
    </ClInclude>
    <ClInclude Include="Include\glm\gtx\normal.hpp">
      <Filter>Header Files</Filter>
    </ClInclude>
    <ClInclude Include="Include\glm\gtx\normalize_dot.hpp">
      <Filter>Header Files</Filter>
    </ClInclude>
    <ClInclude Include="Include\glm\gtx\number_precision.hpp">
      <Filter>Header Files</Filter>
    </ClInclude>
    <ClInclude Include="Include\glm\gtx\optimum_pow.hpp">
      <Filter>Header Files</Filter>
    </ClInclude>
    <ClInclude Include="Include\glm\gtx\orthonormalize.hpp">
      <Filter>Header Files</Filter>
    </ClInclude>
    <ClInclude Include="Include\glm\gtx\perpendicular.hpp">
      <Filter>Header Files</Filter>
    </ClInclude>
    <ClInclude Include="Include\glm\gtx\polar_coordinates.hpp">
      <Filter>Header Files</Filter>
    </ClInclude>
    <ClInclude Include="Include\glm\gtx\projection.hpp">
      <Filter>Header Files</Filter>
    </ClInclude>
    <ClInclude Include="Include\glm\gtx\quaternion.hpp">
      <Filter>Header Files</Filter>
    </ClInclude>
    <ClInclude Include="Include\glm\gtx\range.hpp">
      <Filter>Header Files</Filter>
    </ClInclude>
    <ClInclude Include="Include\glm\gtx\raw_data.hpp">
      <Filter>Header Files</Filter>
    </ClInclude>
    <ClInclude Include="Include\glm\gtx\rotate_normalized_axis.hpp">
      <Filter>Header Files</Filter>
    </ClInclude>
    <ClInclude Include="Include\glm\gtx\rotate_vector.hpp">
      <Filter>Header Files</Filter>
    </ClInclude>
    <ClInclude Include="Include\glm\gtx\scalar_multiplication.hpp">
      <Filter>Header Files</Filter>
    </ClInclude>
    <ClInclude Include="Include\glm\gtx\scalar_relational.hpp">
      <Filter>Header Files</Filter>
    </ClInclude>
    <ClInclude Include="Include\glm\gtx\simd_mat4.hpp">
      <Filter>Header Files</Filter>
    </ClInclude>
    <ClInclude Include="Include\glm\gtx\simd_quat.hpp">
      <Filter>Header Files</Filter>
    </ClInclude>
    <ClInclude Include="Include\glm\gtx\simd_vec4.hpp">
      <Filter>Header Files</Filter>
    </ClInclude>
    <ClInclude Include="Include\glm\gtx\spline.hpp">
      <Filter>Header Files</Filter>
    </ClInclude>
    <ClInclude Include="Include\glm\gtx\std_based_type.hpp">
      <Filter>Header Files</Filter>
    </ClInclude>
    <ClInclude Include="Include\glm\gtx\string_cast.hpp">
      <Filter>Header Files</Filter>
    </ClInclude>
    <ClInclude Include="Include\glm\gtx\transform.hpp">
      <Filter>Header Files</Filter>
    </ClInclude>
    <ClInclude Include="Include\glm\gtx\transform2.hpp">
      <Filter>Header Files</Filter>
    </ClInclude>
    <ClInclude Include="Include\glm\gtx\type_aligned.hpp">
      <Filter>Header Files</Filter>
    </ClInclude>
    <ClInclude Include="Include\glm\gtx\vector_angle.hpp">
      <Filter>Header Files</Filter>
    </ClInclude>
    <ClInclude Include="Include\glm\gtx\vector_query.hpp">
      <Filter>Header Files</Filter>
    </ClInclude>
    <ClInclude Include="Include\glm\gtx\wrap.hpp">
      <Filter>Header Files</Filter>
    </ClInclude>
    <ClInclude Include="Include\glm\common.hpp">
      <Filter>Header Files</Filter>
    </ClInclude>
    <ClInclude Include="Include\glm\exponential.hpp">
      <Filter>Header Files</Filter>
    </ClInclude>
    <ClInclude Include="Include\glm\ext.hpp">
      <Filter>Header Files</Filter>
    </ClInclude>
    <ClInclude Include="Include\glm\fwd.hpp">
      <Filter>Header Files</Filter>
    </ClInclude>
    <ClInclude Include="Include\glm\geometric.hpp">
      <Filter>Header Files</Filter>
    </ClInclude>
    <ClInclude Include="Include\glm\glm.hpp">
      <Filter>Header Files</Filter>
    </ClInclude>
    <ClInclude Include="Include\glm\integer.hpp">
      <Filter>Header Files</Filter>
    </ClInclude>
    <ClInclude Include="Include\glm\mat2x2.hpp">
      <Filter>Header Files</Filter>
    </ClInclude>
    <ClInclude Include="Include\glm\mat2x3.hpp">
      <Filter>Header Files</Filter>
    </ClInclude>
    <ClInclude Include="Include\glm\mat2x4.hpp">
      <Filter>Header Files</Filter>
    </ClInclude>
    <ClInclude Include="Include\glm\mat3x2.hpp">
      <Filter>Header Files</Filter>
    </ClInclude>
    <ClInclude Include="Include\glm\mat3x3.hpp">
      <Filter>Header Files</Filter>
    </ClInclude>
    <ClInclude Include="Include\glm\mat3x4.hpp">
      <Filter>Header Files</Filter>
    </ClInclude>
    <ClInclude Include="Include\glm\mat4x2.hpp">
      <Filter>Header Files</Filter>
    </ClInclude>
    <ClInclude Include="Include\glm\mat4x3.hpp">
      <Filter>Header Files</Filter>
    </ClInclude>
    <ClInclude Include="Include\glm\mat4x4.hpp">
      <Filter>Header Files</Filter>
    </ClInclude>
    <ClInclude Include="Include\glm\matrix.hpp">
      <Filter>Header Files</Filter>
    </ClInclude>
    <ClInclude Include="Include\glm\packing.hpp">
      <Filter>Header Files</Filter>
    </ClInclude>
    <ClInclude Include="Include\glm\trigonometric.hpp">
      <Filter>Header Files</Filter>
    </ClInclude>
    <ClInclude Include="Include\glm\vec2.hpp">
      <Filter>Header Files</Filter>
    </ClInclude>
    <ClInclude Include="Include\glm\vec3.hpp">
      <Filter>Header Files</Filter>
    </ClInclude>
    <ClInclude Include="Include\glm\vec4.hpp">
      <Filter>Header Files</Filter>
    </ClInclude>
    <ClInclude Include="Include\glm\vector_relational.hpp">
      <Filter>Header Files</Filter>
    </ClInclude>
    <ClInclude Include="Include\inc.h">
      <Filter>Header Files</Filter>
    </ClInclude>
    <ClInclude Include="ingredients\bmpreader.h">
      <Filter>Header Files</Filter>
    </ClInclude>
    <ClInclude Include="ingredients\cookbookogl.h">
      <Filter>Header Files</Filter>
    </ClInclude>
    <ClInclude Include="ingredients\drawable.h">
      <Filter>Header Files</Filter>
    </ClInclude>
    <ClInclude Include="ingredients\glslprogram.h">
      <Filter>Header Files</Filter>
    </ClInclude>
    <ClInclude Include="ingredients\glutils.h">
      <Filter>Header Files</Filter>
    </ClInclude>
    <ClInclude Include="ingredients\scene.h">
      <Filter>Header Files</Filter>
    </ClInclude>
    <ClInclude Include="ingredients\teapotdata.h">
      <Filter>Header Files</Filter>
    </ClInclude>
    <ClInclude Include="ingredients\tgaio.h">
      <Filter>Header Files</Filter>
    </ClInclude>
    <ClInclude Include="ingredients\vbocube.h">
      <Filter>Header Files</Filter>
    </ClInclude>
    <ClInclude Include="ingredients\vbomesh.h">
      <Filter>Header Files</Filter>
    </ClInclude>
    <ClInclude Include="ingredients\vbomeshadj.h">
      <Filter>Header Files</Filter>
    </ClInclude>
    <ClInclude Include="ingredients\vboplane.h">
      <Filter>Header Files</Filter>
    </ClInclude>
    <ClInclude Include="ingredients\vbosphere.h">
      <Filter>Header Files</Filter>
    </ClInclude>
    <ClInclude Include="ingredients\vboteapot.h">
      <Filter>Header Files</Filter>
    </ClInclude>
    <ClInclude Include="ingredients\vboteapotpatch.h">
      <Filter>Header Files</Filter>
    </ClInclude>
    <ClInclude Include="ingredients\vbotorus.h">
      <Filter>Header Files</Filter>
    </ClInclude>
    <ClInclude Include="ingredients\gl_core_4_4.h">
      <Filter>Header Files</Filter>
    </ClInclude>
    <ClInclude Include="Utils\Utils.h">
      <Filter>Header Files</Filter>
    </ClInclude>
    <ClInclude Include="Source\Core\ShaderProgram.h">
      <Filter>Header Files</Filter>
    </ClInclude>
    <ClInclude Include="Source\Scene\Scene.h">
      <Filter>Header Files</Filter>
    </ClInclude>
    <ClInclude Include="Source\Items\IDrawable.h">
      <Filter>Header Files</Filter>
    </ClInclude>
    <ClInclude Include="Source\Items\Torus.h">
      <Filter>Header Files</Filter>
    </ClInclude>
    <ClInclude Include="Source\Scene\Chapter2\DiffuseScene.h">
      <Filter>Header Files</Filter>
    </ClInclude>
    <ClInclude Include="Source\Chapter1\Chapter1.h">
      <Filter>Header Files</Filter>
    </ClInclude>
    <ClInclude Include="Source\Items\Teapot.h">
      <Filter>Header Files</Filter>
    </ClInclude>
    <ClInclude Include="Source\Items\TeapotData.h">
      <Filter>Header Files</Filter>
    </ClInclude>
    <ClInclude Include="Source\Scene\Chapter2\PhongScene.h">
      <Filter>Header Files</Filter>
    </ClInclude>
    <ClInclude Include="Source\Scene\Chapter2\PhongTea.h">
      <Filter>Header Files</Filter>
    </ClInclude>
    <ClInclude Include="Source\Items\Mesh.h">
      <Filter>Header Files</Filter>
    </ClInclude>
    <ClInclude Include="Source\Scene\Chapter2\Flat.h">
      <Filter>Header Files</Filter>
    </ClInclude>
    <ClInclude Include="Source\Scene\Chapter2\Subroutine.h">
      <Filter>Header Files</Filter>
    </ClInclude>
    <ClInclude Include="Source\Scene\Chapter2\Discarding.h">
      <Filter>Header Files</Filter>
    </ClInclude>
    <ClInclude Include="Source\Items\Plane.h">
      <Filter>Header Files</Filter>
    </ClInclude>
    <ClInclude Include="Source\Scene\Chapter3\Multilight.h">
      <Filter>Header Files</Filter>
    </ClInclude>
    <ClInclude Include="Source\Scene\Chapter2\DirectionalPhong.h">
      <Filter>Header Files</Filter>
    </ClInclude>
    <ClInclude Include="Source\Scene\Chapter3\PixelLight.h">
      <Filter>Header Files</Filter>
    </ClInclude>
    <ClInclude Include="Source\Scene\Chapter3\SpotLight.h">
      <Filter>Header Files</Filter>
    </ClInclude>
    <ClInclude Include="Source\Scene\Chapter3\ToonScene.h">
      <Filter>Header Files</Filter>
    </ClInclude>
    <ClInclude Include="Source\Scene\Chapter3\FogScene.h">
      <Filter>Header Files</Filter>
    </ClInclude>
    <ClInclude Include="Source\Core\TGA.h">
      <Filter>Header Files</Filter>
    </ClInclude>
    <ClInclude Include="Source\Scene\Chapter4\TextureScene.h">
      <Filter>Header Files</Filter>
    </ClInclude>
    <ClInclude Include="Source\Items\Cube.h">
      <Filter>Header Files</Filter>
    </ClInclude>
    <ClInclude Include="Source\Scene\Chapter4\DualTex.h">
      <Filter>Header Files</Filter>
    </ClInclude>
    <ClInclude Include="Source\Scene\Chapter4\TexDiscard.h">
      <Filter>Header Files</Filter>
    </ClInclude>
    <ClInclude Include="Source\Scene\Chapter4\NormalMapping.h">
      <Filter>Header Files</Filter>
    </ClInclude>
    <ClInclude Include="Source\Scene\Chapter4\CubemapReflect.h">
      <Filter>Header Files</Filter>
    </ClInclude>
    <ClInclude Include="Source\Items\Skybox.h">
      <Filter>Header Files</Filter>
    </ClInclude>
    <ClInclude Include="Source\Scene\Chapter4\CubemapRefract.h">
      <Filter>Header Files</Filter>
    </ClInclude>
    <ClInclude Include="Source\Scene\Chapter4\ProjectTex.h">
      <Filter>Header Files</Filter>
    </ClInclude>
    <ClInclude Include="Source\Scene\Chapter4\RenderToTex.h">
      <Filter>Header Files</Filter>
    </ClInclude>
    <ClInclude Include="Source\Scene\Chapter5\EdgeOutliner.h">
      <Filter>Header Files</Filter>
    </ClInclude>
    <ClInclude Include="Source\Scene\Chapter5\GaussianBlur.h">
      <Filter>Header Files</Filter>
    </ClInclude>
    <ClInclude Include="Source\Scene\Chapter5\Tonemapping.h">
      <Filter>Header Files</Filter>
    </ClInclude>
    <ClInclude Include="Source\Items\Sphere.h">
      <Filter>Header Files</Filter>
    </ClInclude>
    <ClInclude Include="Source\Scene\Chapter5\Bloom.h">
      <Filter>Header Files</Filter>
    </ClInclude>
    <ClInclude Include="Source\Scene\Chapter5\GammaCorrection.h">
      <Filter>Header Files</Filter>
    </ClInclude>
    <ClInclude Include="Source\Scene\Chapter10\Particles.h">
      <Filter>Header Files</Filter>
    </ClInclude>
    <ClInclude Include="Source\Scene\Chapter10\Cloth.h">
      <Filter>Header Files</Filter>
    </ClInclude>
    <ClInclude Include="Source\Scene\Chapter10\EdgeOutlinerComp.h">
      <Filter>Header Files</Filter>
    </ClInclude>
    <ClInclude Include="Source\Scene\Chapter10\Mandelbrot.h">
      <Filter>Header Files</Filter>
    </ClInclude>
    <ClInclude Include="Source\Scene\Chapter5\Deferred.h">
      <Filter>Header Files</Filter>
    </ClInclude>
    <ClInclude Include="Source\Scene\Chapter5\OIT.h">
      <Filter>Header Files</Filter>
    </ClInclude>
    <ClInclude Include="Source\Core\Frustum.h">
      <Filter>Header Files</Filter>
    </ClInclude>
    <ClInclude Include="Source\Scene\Chapter7\Shadowmapping.h">
      <Filter>Header Files</Filter>
    </ClInclude>
    <ClInclude Include="Source\Scene\Chapter7\JitterShadowSampling.h">
      <Filter>Header Files</Filter>
    </ClInclude>
    <ClInclude Include="Source\Scene\Chapter7\ShadowVolume.h">
      <Filter>Header Files</Filter>
    </ClInclude>
    <ClInclude Include="Source\Items\MeshAdj.h">
      <Filter>Header Files</Filter>
    </ClInclude>
    <ClInclude Include="Source\Scene\Chapter6\PointSprite.h">
      <Filter>Header Files</Filter>
    </ClInclude>
    <ClInclude Include="Source\Scene\Chapter6\ShadedWireframe.h">
      <Filter>Header Files</Filter>
    </ClInclude>
    <ClInclude Include="Source\Scene\Chapter6\Silhouette.h">
      <Filter>Header Files</Filter>
    </ClInclude>
    <ClInclude Include="Source\Scene\Chapter6\BezierCurve.h">
      <Filter>Header Files</Filter>
    </ClInclude>
    <ClInclude Include="Source\Scene\Chapter6\QuadTess.h">
      <Filter>Header Files</Filter>
    </ClInclude>
  </ItemGroup>
  <ItemGroup>
    <ClCompile Include="stdafx.cpp">
      <Filter>Source Files</Filter>
    </ClCompile>
    <ClCompile Include="ShadingCookbook.cpp">
      <Filter>Source Files</Filter>
    </ClCompile>
    <ClCompile Include="Include\glm\detail\glm.cpp">
      <Filter>Source Files</Filter>
    </ClCompile>
    <ClCompile Include="ingredients\bmpreader.cpp">
      <Filter>Source Files</Filter>
    </ClCompile>
    <ClCompile Include="ingredients\drawable.cpp">
      <Filter>Source Files</Filter>
    </ClCompile>
    <ClCompile Include="ingredients\glslprogram.cpp">
      <Filter>Source Files</Filter>
    </ClCompile>
    <ClCompile Include="ingredients\glutils.cpp">
      <Filter>Source Files</Filter>
    </ClCompile>
    <ClCompile Include="ingredients\tgaio.cpp">
      <Filter>Source Files</Filter>
    </ClCompile>
    <ClCompile Include="ingredients\vbocube.cpp">
      <Filter>Source Files</Filter>
    </ClCompile>
    <ClCompile Include="ingredients\vbomesh.cpp">
      <Filter>Source Files</Filter>
    </ClCompile>
    <ClCompile Include="ingredients\vbomeshadj.cpp">
      <Filter>Source Files</Filter>
    </ClCompile>
    <ClCompile Include="ingredients\vboplane.cpp">
      <Filter>Source Files</Filter>
    </ClCompile>
    <ClCompile Include="ingredients\vbosphere.cpp">
      <Filter>Source Files</Filter>
    </ClCompile>
    <ClCompile Include="ingredients\vboteapot.cpp">
      <Filter>Source Files</Filter>
    </ClCompile>
    <ClCompile Include="ingredients\vboteapotpatch.cpp">
      <Filter>Source Files</Filter>
    </ClCompile>
    <ClCompile Include="ingredients\vbotorus.cpp">
      <Filter>Source Files</Filter>
    </ClCompile>
    <ClCompile Include="ingredients\gl_core_4_4.c">
      <Filter>Source Files</Filter>
    </ClCompile>
    <ClCompile Include="Source\Core\ShaderProgram.cpp">
      <Filter>Source Files</Filter>
    </ClCompile>
    <ClCompile Include="Source\Items\Torus.cpp">
      <Filter>Source Files</Filter>
    </ClCompile>
    <ClCompile Include="Source\Scene\Chapter2\DiffuseScene.cpp">
      <Filter>Source Files</Filter>
    </ClCompile>
    <ClCompile Include="Source\Items\Teapot.cpp">
      <Filter>Source Files</Filter>
    </ClCompile>
    <ClCompile Include="Source\Scene\Chapter2\PhongScene.cpp">
      <Filter>Source Files</Filter>
    </ClCompile>
    <ClCompile Include="Source\Scene\Chapter2\PhongTea.cpp">
      <Filter>Source Files</Filter>
    </ClCompile>
    <ClCompile Include="Source\Items\Mesh.cpp">
      <Filter>Source Files</Filter>
    </ClCompile>
    <ClCompile Include="Source\Scene\Chapter2\Flat.cpp">
      <Filter>Source Files</Filter>
    </ClCompile>
    <ClCompile Include="Source\Scene\Chapter2\Subroutine.cpp">
      <Filter>Source Files</Filter>
    </ClCompile>
    <ClCompile Include="Source\Scene\Chapter2\Discarding.cpp">
      <Filter>Source Files</Filter>
    </ClCompile>
    <ClCompile Include="Source\Items\Plane.cpp">
      <Filter>Source Files</Filter>
    </ClCompile>
    <ClCompile Include="Source\Scene\Chapter3\Multilight.cpp">
      <Filter>Source Files</Filter>
    </ClCompile>
    <ClCompile Include="Source\Scene\Chapter2\DirectionalPhong.cpp">
      <Filter>Source Files</Filter>
    </ClCompile>
    <ClCompile Include="Source\Scene\Chapter3\PixelLight.cpp">
      <Filter>Source Files</Filter>
    </ClCompile>
    <ClCompile Include="Source\Scene\Chapter3\SpotLight.cpp">
      <Filter>Source Files</Filter>
    </ClCompile>
    <ClCompile Include="Source\Scene\Chapter3\ToonScene.cpp">
      <Filter>Source Files</Filter>
    </ClCompile>
    <ClCompile Include="Source\Scene\Chapter3\FogScene.cpp">
      <Filter>Source Files</Filter>
    </ClCompile>
    <ClCompile Include="Source\Core\TGA.cpp">
      <Filter>Source Files</Filter>
    </ClCompile>
    <ClCompile Include="Source\Scene\Chapter4\TextureScene.cpp">
      <Filter>Source Files</Filter>
    </ClCompile>
    <ClCompile Include="Source\Items\Cube.cpp">
      <Filter>Source Files</Filter>
    </ClCompile>
    <ClCompile Include="Source\Scene\Chapter4\DualTex.cpp">
      <Filter>Source Files</Filter>
    </ClCompile>
    <ClCompile Include="Source\Scene\Chapter4\TexDiscard.cpp">
      <Filter>Source Files</Filter>
    </ClCompile>
    <ClCompile Include="Source\Scene\Chapter4\NormalMapping.cpp">
      <Filter>Source Files</Filter>
    </ClCompile>
    <ClCompile Include="Source\Scene\Chapter4\CubemapReflect.cpp">
      <Filter>Source Files</Filter>
    </ClCompile>
    <ClCompile Include="Source\Items\Skybox.cpp">
      <Filter>Source Files</Filter>
    </ClCompile>
    <ClCompile Include="Source\Scene\Chapter4\CubemapRefract.cpp">
      <Filter>Source Files</Filter>
    </ClCompile>
    <ClCompile Include="Source\Scene\Chapter4\ProjectTex.cpp">
      <Filter>Source Files</Filter>
    </ClCompile>
    <ClCompile Include="Source\Scene\Chapter4\RenderToTex.cpp">
      <Filter>Source Files</Filter>
    </ClCompile>
    <ClCompile Include="Source\Scene\Chapter5\EdgeOutliner.cpp">
      <Filter>Source Files</Filter>
    </ClCompile>
    <ClCompile Include="Source\Scene\Chapter5\GaussianBlur.cpp">
      <Filter>Source Files</Filter>
    </ClCompile>
    <ClCompile Include="Source\Scene\Chapter5\Tonemapping.cpp">
      <Filter>Source Files</Filter>
    </ClCompile>
    <ClCompile Include="Source\Items\Sphere.cpp">
      <Filter>Source Files</Filter>
    </ClCompile>
    <ClCompile Include="Source\Scene\Chapter5\Bloom.cpp">
      <Filter>Source Files</Filter>
    </ClCompile>
    <ClCompile Include="Source\Scene\Chapter5\GammaCorrection.cpp">
      <Filter>Source Files</Filter>
    </ClCompile>
    <ClCompile Include="Source\Scene\Chapter10\Particles.cpp">
      <Filter>Source Files</Filter>
    </ClCompile>
    <ClCompile Include="Source\Scene\Chapter10\Cloth.cpp">
      <Filter>Source Files</Filter>
    </ClCompile>
    <ClCompile Include="Source\Scene\Chapter10\EdgeOutlinerComp.cpp">
      <Filter>Source Files</Filter>
    </ClCompile>
    <ClCompile Include="Source\Scene\Chapter10\Mandelbrot.cpp">
      <Filter>Source Files</Filter>
    </ClCompile>
    <ClCompile Include="Source\Scene\Chapter5\Deferred.cpp">
      <Filter>Source Files</Filter>
    </ClCompile>
    <ClCompile Include="Source\Scene\Chapter5\OIT.cpp">
      <Filter>Source Files</Filter>
    </ClCompile>
    <ClCompile Include="Source\Core\Frustum.cpp">
      <Filter>Source Files</Filter>
    </ClCompile>
    <ClCompile Include="Source\Scene\Chapter7\Shadowmapping.cpp">
      <Filter>Source Files</Filter>
    </ClCompile>
    <ClCompile Include="Source\Scene\Chapter7\JitterShadowSampling.cpp">
      <Filter>Source Files</Filter>
    </ClCompile>
    <ClCompile Include="Source\Items\MeshAdj.cpp">
      <Filter>Source Files</Filter>
    </ClCompile>
    <ClCompile Include="Source\Scene\Chapter7\ShadowVolume.cpp">
      <Filter>Source Files</Filter>
    </ClCompile>
    <ClCompile Include="Source\Scene\Chapter6\PointSprite.cpp">
      <Filter>Source Files</Filter>
    </ClCompile>
    <ClCompile Include="Source\Scene\Chapter6\ShadedWireframe.cpp">
      <Filter>Source Files</Filter>
    </ClCompile>
    <ClCompile Include="Source\Scene\Chapter6\Silhouette.cpp">
      <Filter>Source Files</Filter>
    </ClCompile>
    <ClCompile Include="Source\Scene\Chapter6\BezierCurve.cpp">
      <Filter>Source Files</Filter>
    </ClCompile>
    <ClCompile Include="Source\Scene\Chapter6\QuadTess.cpp">
      <Filter>Source Files</Filter>
    </ClCompile>
  </ItemGroup>
  <ItemGroup>
    <None Include="glm\detail\func_common.inl">
      <Filter>Header Files</Filter>
    </None>
    <None Include="glm\detail\func_exponential.inl">
      <Filter>Header Files</Filter>
    </None>
    <None Include="glm\detail\func_geometric.inl">
      <Filter>Header Files</Filter>
    </None>
    <None Include="glm\detail\func_integer.inl">
      <Filter>Header Files</Filter>
    </None>
    <None Include="glm\detail\func_matrix.inl">
      <Filter>Header Files</Filter>
    </None>
    <None Include="glm\detail\func_packing.inl">
      <Filter>Header Files</Filter>
    </None>
    <None Include="glm\detail\func_trigonometric.inl">
      <Filter>Header Files</Filter>
    </None>
    <None Include="glm\detail\func_vector_relational.inl">
      <Filter>Header Files</Filter>
    </None>
    <None Include="glm\detail\intrinsic_common.inl">
      <Filter>Header Files</Filter>
    </None>
    <None Include="glm\detail\intrinsic_exponential.inl">
      <Filter>Header Files</Filter>
    </None>
    <None Include="glm\detail\intrinsic_geometric.inl">
      <Filter>Header Files</Filter>
    </None>
    <None Include="glm\detail\intrinsic_integer.inl">
      <Filter>Header Files</Filter>
    </None>
    <None Include="glm\detail\intrinsic_matrix.inl">
      <Filter>Header Files</Filter>
    </None>
    <None Include="glm\detail\intrinsic_trigonometric.inl">
      <Filter>Header Files</Filter>
    </None>
    <None Include="glm\detail\intrinsic_vector_relational.inl">
      <Filter>Header Files</Filter>
    </None>
    <None Include="glm\detail\type_gentype.inl">
      <Filter>Header Files</Filter>
    </None>
    <None Include="glm\detail\type_half.inl">
      <Filter>Header Files</Filter>
    </None>
    <None Include="glm\detail\type_mat.inl">
      <Filter>Header Files</Filter>
    </None>
    <None Include="glm\detail\type_mat2x2.inl">
      <Filter>Header Files</Filter>
    </None>
    <None Include="glm\detail\type_mat2x3.inl">
      <Filter>Header Files</Filter>
    </None>
    <None Include="glm\detail\type_mat2x4.inl">
      <Filter>Header Files</Filter>
    </None>
    <None Include="glm\detail\type_mat3x2.inl">
      <Filter>Header Files</Filter>
    </None>
    <None Include="glm\detail\type_mat3x3.inl">
      <Filter>Header Files</Filter>
    </None>
    <None Include="glm\detail\type_mat3x4.inl">
      <Filter>Header Files</Filter>
    </None>
    <None Include="glm\detail\type_mat4x2.inl">
      <Filter>Header Files</Filter>
    </None>
    <None Include="glm\detail\type_mat4x3.inl">
      <Filter>Header Files</Filter>
    </None>
    <None Include="glm\detail\type_mat4x4.inl">
      <Filter>Header Files</Filter>
    </None>
    <None Include="glm\detail\type_vec.inl">
      <Filter>Header Files</Filter>
    </None>
    <None Include="glm\detail\type_vec1.inl">
      <Filter>Header Files</Filter>
    </None>
    <None Include="glm\detail\type_vec2.inl">
      <Filter>Header Files</Filter>
    </None>
    <None Include="glm\detail\type_vec3.inl">
      <Filter>Header Files</Filter>
    </None>
    <None Include="glm\detail\type_vec4.inl">
      <Filter>Header Files</Filter>
    </None>
    <None Include="glm\detail\type_vec4_avx.inl">
      <Filter>Header Files</Filter>
    </None>
    <None Include="glm\detail\type_vec4_avx2.inl">
      <Filter>Header Files</Filter>
    </None>
    <None Include="glm\detail\type_vec4_sse2.inl">
      <Filter>Header Files</Filter>
    </None>
    <None Include="glm\gtc\bitfield.inl">
      <Filter>Header Files</Filter>
    </None>
    <None Include="glm\gtc\color_space.inl">
      <Filter>Header Files</Filter>
    </None>
    <None Include="glm\gtc\constants.inl">
      <Filter>Header Files</Filter>
    </None>
    <None Include="glm\gtc\epsilon.inl">
      <Filter>Header Files</Filter>
    </None>
    <None Include="glm\gtc\integer.inl">
      <Filter>Header Files</Filter>
    </None>
    <None Include="glm\gtc\matrix_access.inl">
      <Filter>Header Files</Filter>
    </None>
    <None Include="glm\gtc\matrix_inverse.inl">
      <Filter>Header Files</Filter>
    </None>
    <None Include="glm\gtc\matrix_transform.inl">
      <Filter>Header Files</Filter>
    </None>
    <None Include="glm\gtc\noise.inl">
      <Filter>Header Files</Filter>
    </None>
    <None Include="glm\gtc\packing.inl">
      <Filter>Header Files</Filter>
    </None>
    <None Include="glm\gtc\quaternion.inl">
      <Filter>Header Files</Filter>
    </None>
    <None Include="glm\gtc\random.inl">
      <Filter>Header Files</Filter>
    </None>
    <None Include="glm\gtc\reciprocal.inl">
      <Filter>Header Files</Filter>
    </None>
    <None Include="glm\gtc\round.inl">
      <Filter>Header Files</Filter>
    </None>
    <None Include="glm\gtc\type_precision.inl">
      <Filter>Header Files</Filter>
    </None>
    <None Include="glm\gtc\type_ptr.inl">
      <Filter>Header Files</Filter>
    </None>
    <None Include="glm\gtc\ulp.inl">
      <Filter>Header Files</Filter>
    </None>
    <None Include="glm\gtc\vec1.inl">
      <Filter>Header Files</Filter>
    </None>
    <None Include="glm\gtx\associated_min_max.inl">
      <Filter>Header Files</Filter>
    </None>
    <None Include="glm\gtx\bit.inl">
      <Filter>Header Files</Filter>
    </None>
    <None Include="glm\gtx\closest_point.inl">
      <Filter>Header Files</Filter>
    </None>
    <None Include="glm\gtx\color_space.inl">
      <Filter>Header Files</Filter>
    </None>
    <None Include="glm\gtx\color_space_YCoCg.inl">
      <Filter>Header Files</Filter>
    </None>
    <None Include="glm\gtx\common.inl">
      <Filter>Header Files</Filter>
    </None>
    <None Include="glm\gtx\compatibility.inl">
      <Filter>Header Files</Filter>
    </None>
    <None Include="glm\gtx\component_wise.inl">
      <Filter>Header Files</Filter>
    </None>
    <None Include="glm\gtx\dual_quaternion.inl">
      <Filter>Header Files</Filter>
    </None>
    <None Include="glm\gtx\euler_angles.inl">
      <Filter>Header Files</Filter>
    </None>
    <None Include="glm\gtx\extend.inl">
      <Filter>Header Files</Filter>
    </None>
    <None Include="glm\gtx\extented_min_max.inl">
      <Filter>Header Files</Filter>
    </None>
    <None Include="glm\gtx\fast_exponential.inl">
      <Filter>Header Files</Filter>
    </None>
    <None Include="glm\gtx\fast_square_root.inl">
      <Filter>Header Files</Filter>
    </None>
    <None Include="glm\gtx\fast_trigonometry.inl">
      <Filter>Header Files</Filter>
    </None>
    <None Include="glm\gtx\gradient_paint.inl">
      <Filter>Header Files</Filter>
    </None>
    <None Include="glm\gtx\handed_coordinate_space.inl">
      <Filter>Header Files</Filter>
    </None>
    <None Include="glm\gtx\hash.inl">
      <Filter>Header Files</Filter>
    </None>
    <None Include="glm\gtx\integer.inl">
      <Filter>Header Files</Filter>
    </None>
    <None Include="glm\gtx\intersect.inl">
      <Filter>Header Files</Filter>
    </None>
    <None Include="glm\gtx\io.inl">
      <Filter>Header Files</Filter>
    </None>
    <None Include="glm\gtx\log_base.inl">
      <Filter>Header Files</Filter>
    </None>
    <None Include="glm\gtx\matrix_cross_product.inl">
      <Filter>Header Files</Filter>
    </None>
    <None Include="glm\gtx\matrix_decompose.inl">
      <Filter>Header Files</Filter>
    </None>
    <None Include="glm\gtx\matrix_interpolation.inl">
      <Filter>Header Files</Filter>
    </None>
    <None Include="glm\gtx\matrix_major_storage.inl">
      <Filter>Header Files</Filter>
    </None>
    <None Include="glm\gtx\matrix_operation.inl">
      <Filter>Header Files</Filter>
    </None>
    <None Include="glm\gtx\matrix_query.inl">
      <Filter>Header Files</Filter>
    </None>
    <None Include="glm\gtx\matrix_transform_2d.inl">
      <Filter>Header Files</Filter>
    </None>
    <None Include="glm\gtx\mixed_product.inl">
      <Filter>Header Files</Filter>
    </None>
    <None Include="glm\gtx\norm.inl">
      <Filter>Header Files</Filter>
    </None>
    <None Include="glm\gtx\normal.inl">
      <Filter>Header Files</Filter>
    </None>
    <None Include="glm\gtx\normalize_dot.inl">
      <Filter>Header Files</Filter>
    </None>
    <None Include="glm\gtx\number_precision.inl">
      <Filter>Header Files</Filter>
    </None>
    <None Include="glm\gtx\optimum_pow.inl">
      <Filter>Header Files</Filter>
    </None>
    <None Include="glm\gtx\orthonormalize.inl">
      <Filter>Header Files</Filter>
    </None>
    <None Include="glm\gtx\perpendicular.inl">
      <Filter>Header Files</Filter>
    </None>
    <None Include="glm\gtx\polar_coordinates.inl">
      <Filter>Header Files</Filter>
    </None>
    <None Include="glm\gtx\projection.inl">
      <Filter>Header Files</Filter>
    </None>
    <None Include="glm\gtx\quaternion.inl">
      <Filter>Header Files</Filter>
    </None>
    <None Include="glm\gtx\raw_data.inl">
      <Filter>Header Files</Filter>
    </None>
    <None Include="glm\gtx\rotate_normalized_axis.inl">
      <Filter>Header Files</Filter>
    </None>
    <None Include="glm\gtx\rotate_vector.inl">
      <Filter>Header Files</Filter>
    </None>
    <None Include="glm\gtx\scalar_relational.inl">
      <Filter>Header Files</Filter>
    </None>
    <None Include="glm\gtx\simd_mat4.inl">
      <Filter>Header Files</Filter>
    </None>
    <None Include="glm\gtx\simd_quat.inl">
      <Filter>Header Files</Filter>
    </None>
    <None Include="glm\gtx\simd_vec4.inl">
      <Filter>Header Files</Filter>
    </None>
    <None Include="glm\gtx\spline.inl">
      <Filter>Header Files</Filter>
    </None>
    <None Include="glm\gtx\std_based_type.inl">
      <Filter>Header Files</Filter>
    </None>
    <None Include="glm\gtx\string_cast.inl">
      <Filter>Header Files</Filter>
    </None>
    <None Include="glm\gtx\transform.inl">
      <Filter>Header Files</Filter>
    </None>
    <None Include="glm\gtx\transform2.inl">
      <Filter>Header Files</Filter>
    </None>
    <None Include="glm\gtx\type_aligned.inl">
      <Filter>Header Files</Filter>
    </None>
    <None Include="glm\gtx\vector_angle.inl">
      <Filter>Header Files</Filter>
    </None>
    <None Include="glm\gtx\vector_query.inl">
      <Filter>Header Files</Filter>
    </None>
    <None Include="glm\gtx\wrap.inl">
      <Filter>Header Files</Filter>
    </None>
    <None Include="Include\glm\detail\func_common.inl">
      <Filter>Header Files</Filter>
    </None>
    <None Include="Include\glm\detail\func_exponential.inl">
      <Filter>Header Files</Filter>
    </None>
    <None Include="Include\glm\detail\func_geometric.inl">
      <Filter>Header Files</Filter>
    </None>
    <None Include="Include\glm\detail\func_integer.inl">
      <Filter>Header Files</Filter>
    </None>
    <None Include="Include\glm\detail\func_matrix.inl">
      <Filter>Header Files</Filter>
    </None>
    <None Include="Include\glm\detail\func_packing.inl">
      <Filter>Header Files</Filter>
    </None>
    <None Include="Include\glm\detail\func_trigonometric.inl">
      <Filter>Header Files</Filter>
    </None>
    <None Include="Include\glm\detail\func_vector_relational.inl">
      <Filter>Header Files</Filter>
    </None>
    <None Include="Include\glm\detail\intrinsic_common.inl">
      <Filter>Header Files</Filter>
    </None>
    <None Include="Include\glm\detail\intrinsic_exponential.inl">
      <Filter>Header Files</Filter>
    </None>
    <None Include="Include\glm\detail\intrinsic_geometric.inl">
      <Filter>Header Files</Filter>
    </None>
    <None Include="Include\glm\detail\intrinsic_integer.inl">
      <Filter>Header Files</Filter>
    </None>
    <None Include="Include\glm\detail\intrinsic_matrix.inl">
      <Filter>Header Files</Filter>
    </None>
    <None Include="Include\glm\detail\intrinsic_trigonometric.inl">
      <Filter>Header Files</Filter>
    </None>
    <None Include="Include\glm\detail\intrinsic_vector_relational.inl">
      <Filter>Header Files</Filter>
    </None>
    <None Include="Include\glm\detail\type_gentype.inl">
      <Filter>Header Files</Filter>
    </None>
    <None Include="Include\glm\detail\type_half.inl">
      <Filter>Header Files</Filter>
    </None>
    <None Include="Include\glm\detail\type_mat.inl">
      <Filter>Header Files</Filter>
    </None>
    <None Include="Include\glm\detail\type_mat2x2.inl">
      <Filter>Header Files</Filter>
    </None>
    <None Include="Include\glm\detail\type_mat2x3.inl">
      <Filter>Header Files</Filter>
    </None>
    <None Include="Include\glm\detail\type_mat2x4.inl">
      <Filter>Header Files</Filter>
    </None>
    <None Include="Include\glm\detail\type_mat3x2.inl">
      <Filter>Header Files</Filter>
    </None>
    <None Include="Include\glm\detail\type_mat3x3.inl">
      <Filter>Header Files</Filter>
    </None>
    <None Include="Include\glm\detail\type_mat3x4.inl">
      <Filter>Header Files</Filter>
    </None>
    <None Include="Include\glm\detail\type_mat4x2.inl">
      <Filter>Header Files</Filter>
    </None>
    <None Include="Include\glm\detail\type_mat4x3.inl">
      <Filter>Header Files</Filter>
    </None>
    <None Include="Include\glm\detail\type_mat4x4.inl">
      <Filter>Header Files</Filter>
    </None>
    <None Include="Include\glm\detail\type_vec.inl">
      <Filter>Header Files</Filter>
    </None>
    <None Include="Include\glm\detail\type_vec1.inl">
      <Filter>Header Files</Filter>
    </None>
    <None Include="Include\glm\detail\type_vec2.inl">
      <Filter>Header Files</Filter>
    </None>
    <None Include="Include\glm\detail\type_vec3.inl">
      <Filter>Header Files</Filter>
    </None>
    <None Include="Include\glm\detail\type_vec4.inl">
      <Filter>Header Files</Filter>
    </None>
    <None Include="Include\glm\detail\type_vec4_avx.inl">
      <Filter>Header Files</Filter>
    </None>
    <None Include="Include\glm\detail\type_vec4_avx2.inl">
      <Filter>Header Files</Filter>
    </None>
    <None Include="Include\glm\detail\type_vec4_sse2.inl">
      <Filter>Header Files</Filter>
    </None>
    <None Include="Include\glm\gtc\bitfield.inl">
      <Filter>Header Files</Filter>
    </None>
    <None Include="Include\glm\gtc\color_space.inl">
      <Filter>Header Files</Filter>
    </None>
    <None Include="Include\glm\gtc\constants.inl">
      <Filter>Header Files</Filter>
    </None>
    <None Include="Include\glm\gtc\epsilon.inl">
      <Filter>Header Files</Filter>
    </None>
    <None Include="Include\glm\gtc\integer.inl">
      <Filter>Header Files</Filter>
    </None>
    <None Include="Include\glm\gtc\matrix_access.inl">
      <Filter>Header Files</Filter>
    </None>
    <None Include="Include\glm\gtc\matrix_inverse.inl">
      <Filter>Header Files</Filter>
    </None>
    <None Include="Include\glm\gtc\matrix_transform.inl">
      <Filter>Header Files</Filter>
    </None>
    <None Include="Include\glm\gtc\noise.inl">
      <Filter>Header Files</Filter>
    </None>
    <None Include="Include\glm\gtc\packing.inl">
      <Filter>Header Files</Filter>
    </None>
    <None Include="Include\glm\gtc\quaternion.inl">
      <Filter>Header Files</Filter>
    </None>
    <None Include="Include\glm\gtc\random.inl">
      <Filter>Header Files</Filter>
    </None>
    <None Include="Include\glm\gtc\reciprocal.inl">
      <Filter>Header Files</Filter>
    </None>
    <None Include="Include\glm\gtc\round.inl">
      <Filter>Header Files</Filter>
    </None>
    <None Include="Include\glm\gtc\type_precision.inl">
      <Filter>Header Files</Filter>
    </None>
    <None Include="Include\glm\gtc\type_ptr.inl">
      <Filter>Header Files</Filter>
    </None>
    <None Include="Include\glm\gtc\ulp.inl">
      <Filter>Header Files</Filter>
    </None>
    <None Include="Include\glm\gtc\vec1.inl">
      <Filter>Header Files</Filter>
    </None>
    <None Include="Include\glm\gtx\associated_min_max.inl">
      <Filter>Header Files</Filter>
    </None>
    <None Include="Include\glm\gtx\bit.inl">
      <Filter>Header Files</Filter>
    </None>
    <None Include="Include\glm\gtx\closest_point.inl">
      <Filter>Header Files</Filter>
    </None>
    <None Include="Include\glm\gtx\color_space.inl">
      <Filter>Header Files</Filter>
    </None>
    <None Include="Include\glm\gtx\color_space_YCoCg.inl">
      <Filter>Header Files</Filter>
    </None>
    <None Include="Include\glm\gtx\common.inl">
      <Filter>Header Files</Filter>
    </None>
    <None Include="Include\glm\gtx\compatibility.inl">
      <Filter>Header Files</Filter>
    </None>
    <None Include="Include\glm\gtx\component_wise.inl">
      <Filter>Header Files</Filter>
    </None>
    <None Include="Include\glm\gtx\dual_quaternion.inl">
      <Filter>Header Files</Filter>
    </None>
    <None Include="Include\glm\gtx\euler_angles.inl">
      <Filter>Header Files</Filter>
    </None>
    <None Include="Include\glm\gtx\extend.inl">
      <Filter>Header Files</Filter>
    </None>
    <None Include="Include\glm\gtx\extented_min_max.inl">
      <Filter>Header Files</Filter>
    </None>
    <None Include="Include\glm\gtx\fast_exponential.inl">
      <Filter>Header Files</Filter>
    </None>
    <None Include="Include\glm\gtx\fast_square_root.inl">
      <Filter>Header Files</Filter>
    </None>
    <None Include="Include\glm\gtx\fast_trigonometry.inl">
      <Filter>Header Files</Filter>
    </None>
    <None Include="Include\glm\gtx\gradient_paint.inl">
      <Filter>Header Files</Filter>
    </None>
    <None Include="Include\glm\gtx\handed_coordinate_space.inl">
      <Filter>Header Files</Filter>
    </None>
    <None Include="Include\glm\gtx\hash.inl">
      <Filter>Header Files</Filter>
    </None>
    <None Include="Include\glm\gtx\integer.inl">
      <Filter>Header Files</Filter>
    </None>
    <None Include="Include\glm\gtx\intersect.inl">
      <Filter>Header Files</Filter>
    </None>
    <None Include="Include\glm\gtx\io.inl">
      <Filter>Header Files</Filter>
    </None>
    <None Include="Include\glm\gtx\log_base.inl">
      <Filter>Header Files</Filter>
    </None>
    <None Include="Include\glm\gtx\matrix_cross_product.inl">
      <Filter>Header Files</Filter>
    </None>
    <None Include="Include\glm\gtx\matrix_decompose.inl">
      <Filter>Header Files</Filter>
    </None>
    <None Include="Include\glm\gtx\matrix_interpolation.inl">
      <Filter>Header Files</Filter>
    </None>
    <None Include="Include\glm\gtx\matrix_major_storage.inl">
      <Filter>Header Files</Filter>
    </None>
    <None Include="Include\glm\gtx\matrix_operation.inl">
      <Filter>Header Files</Filter>
    </None>
    <None Include="Include\glm\gtx\matrix_query.inl">
      <Filter>Header Files</Filter>
    </None>
    <None Include="Include\glm\gtx\matrix_transform_2d.inl">
      <Filter>Header Files</Filter>
    </None>
    <None Include="Include\glm\gtx\mixed_product.inl">
      <Filter>Header Files</Filter>
    </None>
    <None Include="Include\glm\gtx\norm.inl">
      <Filter>Header Files</Filter>
    </None>
    <None Include="Include\glm\gtx\normal.inl">
      <Filter>Header Files</Filter>
    </None>
    <None Include="Include\glm\gtx\normalize_dot.inl">
      <Filter>Header Files</Filter>
    </None>
    <None Include="Include\glm\gtx\number_precision.inl">
      <Filter>Header Files</Filter>
    </None>
    <None Include="Include\glm\gtx\optimum_pow.inl">
      <Filter>Header Files</Filter>
    </None>
    <None Include="Include\glm\gtx\orthonormalize.inl">
      <Filter>Header Files</Filter>
    </None>
    <None Include="Include\glm\gtx\perpendicular.inl">
      <Filter>Header Files</Filter>
    </None>
    <None Include="Include\glm\gtx\polar_coordinates.inl">
      <Filter>Header Files</Filter>
    </None>
    <None Include="Include\glm\gtx\projection.inl">
      <Filter>Header Files</Filter>
    </None>
    <None Include="Include\glm\gtx\quaternion.inl">
      <Filter>Header Files</Filter>
    </None>
    <None Include="Include\glm\gtx\raw_data.inl">
      <Filter>Header Files</Filter>
    </None>
    <None Include="Include\glm\gtx\rotate_normalized_axis.inl">
      <Filter>Header Files</Filter>
    </None>
    <None Include="Include\glm\gtx\rotate_vector.inl">
      <Filter>Header Files</Filter>
    </None>
    <None Include="Include\glm\gtx\scalar_relational.inl">
      <Filter>Header Files</Filter>
    </None>
    <None Include="Include\glm\gtx\simd_mat4.inl">
      <Filter>Header Files</Filter>
    </None>
    <None Include="Include\glm\gtx\simd_quat.inl">
      <Filter>Header Files</Filter>
    </None>
    <None Include="Include\glm\gtx\simd_vec4.inl">
      <Filter>Header Files</Filter>
    </None>
    <None Include="Include\glm\gtx\spline.inl">
      <Filter>Header Files</Filter>
    </None>
    <None Include="Include\glm\gtx\std_based_type.inl">
      <Filter>Header Files</Filter>
    </None>
    <None Include="Include\glm\gtx\string_cast.inl">
      <Filter>Header Files</Filter>
    </None>
    <None Include="Include\glm\gtx\transform.inl">
      <Filter>Header Files</Filter>
    </None>
    <None Include="Include\glm\gtx\transform2.inl">
      <Filter>Header Files</Filter>
    </None>
    <None Include="Include\glm\gtx\type_aligned.inl">
      <Filter>Header Files</Filter>
    </None>
    <None Include="Include\glm\gtx\vector_angle.inl">
      <Filter>Header Files</Filter>
    </None>
    <None Include="Include\glm\gtx\vector_query.inl">
      <Filter>Header Files</Filter>
    </None>
    <None Include="Include\glm\gtx\wrap.inl">
      <Filter>Header Files</Filter>
    </None>
    <None Include="glew32.dll" />
    <None Include="Shaders\Ch1\basic.vert" />
    <None Include="Shaders\Ch1\basic.frag" />
    <None Include="Shaders\Uniforms\Blob.vert" />
    <None Include="Shaders\Uniforms\Blob.frag" />
    <None Include="Shaders\Diffuse\Diffuse.vert" />
    <None Include="Shaders\Diffuse\Diffuse.frag" />
    <None Include="Shaders\Phong\Phong.vert" />
    <None Include="Shaders\Phong\Phong.frag" />
    <None Include="Shaders\Phong\PhongBackface.frag" />
    <None Include="Shaders\Phong\PhongBackface.vert" />
    <None Include="Shaders\Flat\Flat.vert" />
    <None Include="Shaders\Flat\Flat.frag" />
    <None Include="Shaders\Subroutine\Subroutine.vert" />
    <None Include="Shaders\Subroutine\Subroutine.frag" />
    <None Include="Shaders\Discarding\Discarding.vert" />
    <None Include="Shaders\Discarding\Discarding.frag" />
    <None Include="Shaders\Multilight\Multilight.vert" />
    <None Include="Shaders\Multilight\Multilight.frag" />
    <None Include="Shaders\DirectionalPhong\DirectionalPhong.vert" />
    <None Include="Shaders\DirectionalPhong\DirectionalPhong.frag" />
    <None Include="Shaders\Phong\PhongPixel\PhongPixel.vert" />
    <None Include="Shaders\Phong\PhongPixel\PhongPixel.frag" />
    <None Include="Shaders\Phong\PhongHalfway\PhongHalfway.vert" />
    <None Include="Shaders\Phong\PhongHalfway\PhongHalfway.frag" />
    <None Include="Shaders\Phong\PhongSpotlight\PhongSpotlight.frag" />
    <None Include="Shaders\Celshading\Celshading.vert" />
    <None Include="Shaders\Celshading\Celshading.frag" />
    <None Include="Shaders\Fog\Fog.vert" />
    <None Include="Shaders\Fog\Fog.frag" />
    <None Include="Shaders\SimpleTexture\SimpleTexture.vert" />
    <None Include="Shaders\SimpleTexture\SimpleTexture.frag" />
    <None Include="Shaders\DualTex\DualTex.vert" />
    <None Include="Shaders\DualTex\DualTex.frag" />
    <None Include="Shaders\TexDiscard\TexDiscard.vert" />
    <None Include="Shaders\TexDiscard\TexDiscard.frag" />
    <None Include="Shaders\NormalMapping\NormalMapping.vert" />
    <None Include="Shaders\NormalMapping\NormalMapping.frag" />
    <None Include="Shaders\Cubemap\CubemapReflect\CubemapReflect.vert" />
    <None Include="Shaders\Cubemap\CubemapReflect\CubemapReflect.frag" />
    <None Include="Shaders\Cubemap\CubemapRefract\CubemapRefract.vert" />
    <None Include="Shaders\Cubemap\CubemapRefract\CubemapRefract.frag" />
    <None Include="Shaders\ProjectTex\ProjectTex.vert" />
    <None Include="Shaders\ProjectTex\ProjectTex.frag" />
    <None Include="Shaders\RenderToTex\RenderToTex.vert" />
    <None Include="Shaders\RenderToTex\RenderToTex.frag" />
    <None Include="Shaders\EdgeOutliner\EdgeOutliner.vert" />
    <None Include="Shaders\EdgeOutliner\EdgeOutliner.frag" />
    <None Include="Shaders\GaussianBlur\GaussianBlur.vert" />
    <None Include="Shaders\GaussianBlur\GaussianBlur.frag" />
    <None Include="Shaders\Tonemapping\Tonemapping.vert" />
    <None Include="Shaders\Tonemapping\Tonemapping.frag" />
    <None Include="Shaders\Bloom\Bloom.vert" />
    <None Include="Shaders\Bloom\Bloom.frag" />
    <None Include="Shaders\GammaCorrection\GammaCorrection.vert" />
    <None Include="Shaders\GammaCorrection\GammaCorrection.frag" />
    <None Include="Shaders\Particles\Particles.vert" />
    <None Include="Shaders\Particles\Particles.frag" />
    <None Include="Shaders\ADS\ADS.vert" />
    <None Include="Shaders\ADS\ADS.frag" />
    <None Include="Shaders\Particles\Particles.comp" />
    <None Include="Shaders\Cloth\Cloth.comp" />
    <None Include="Shaders\Cloth\ClothNormal.comp" />
    <None Include="Shaders\EdgeOutlinerComp\EdgeOutlinerComp.vert" />
    <None Include="Shaders\EdgeOutlinerComp\EdgeOutlinerComp.frag" />
    <None Include="Shaders\EdgeOutlinerComp\EdgeOutlinerComp.comp" />
    <None Include="Shaders\Mandelbrot\Mandelbrot.comp" />
    <None Include="Shaders\Deferred\Deferred.vert" />
    <None Include="Shaders\Deferred\Deferred.frag" />
    <None Include="Shaders\OIT\OIT.vert" />
    <None Include="Shaders\OIT\OIT.frag" />
    <None Include="Shaders\Shadowmapping\Shadowmapping.vert" />
    <None Include="Shaders\Shadowmapping\Shadowmapping.frag" />
    <None Include="Shaders\PercentageCloserFiltering\PercentageCloserFiltering.vert" />
    <None Include="Shaders\PercentageCloserFiltering\PercentageCloserFiltering.frag" />
    <None Include="Shaders\JitterShadowSampling\JitterShadowSampling.frag" />
    <None Include="Shaders\JitterShadowSampling\JitterShadowSampling.vert" />
    <None Include="Shaders\ShadowVolume\Render.vert" />
    <None Include="Shaders\ShadowVolume\Render.frag" />
    <None Include="Shaders\ShadowVolume\Vol.vert" />
    <None Include="Shaders\ShadowVolume\Vol.frag" />
    <None Include="Shaders\ShadowVolume\Vol.geom" />
    <None Include="Shaders\ShadowVolume\Comp.frag" />
    <None Include="Shaders\ShadowVolume\Comp.vert" />
    <None Include="Shaders\PointSprite\PointSprite.frag" />
    <None Include="Shaders\PointSprite\PointSprite.geom" />
    <None Include="Shaders\PointSprite\PointSprite.vert" />
    <None Include="Shaders\ShadedWireframe\ShadedWireframe.vert" />
    <None Include="Shaders\ShadedWireframe\ShadedWireframe.frag" />
    <None Include="Shaders\ShadedWireframe\ShadedWireframe.geom" />
    <None Include="Shaders\Silhouette\Silhouette.vert" />
    <None Include="Shaders\Silhouette\Silhouette.frag" />
    <None Include="Shaders\Silhouette\Silhouette.geom" />
    <None Include="Shaders\BezierCurve\BezierCurve.frag" />
    <None Include="Shaders\BezierCurve\BezierCurve.vert" />
    <None Include="Shaders\BezierCurve\BezierCurve.tesc" />
    <None Include="Shaders\BezierCurve\BezierCurve.tese" />
    <None Include="Shaders\BezierCurve\Solid.vert" />
    <None Include="Shaders\BezierCurve\Solid.frag" />
    <None Include="Shaders\QuadTess\QuadTess.vert" />
    <None Include="Shaders\QuadTess\QuadTess.geom" />
    <None Include="Shaders\QuadTess\QuadTess.tesc" />
    <None Include="Shaders\QuadTess\QuadTess.tese" />
    <None Include="Shaders\QuadTess\QuadTess.frag" />
  </ItemGroup>
</Project>